
Microsoft Visual Studio Solution File, Format Version 12.00
# Visual Studio Version 16
VisualStudioVersion = 16.0.35026.282
MinimumVisualStudioVersion = 10.0.40219.1
Project("{8BC9CEB8-8B4A-11D0-8D11-00A0C91BC942}") = "bigint", "bigint\bigint.vcxproj", "{AF8F1EBB-0E0D-4677-8F5B-B034B35F63B4}"
EndProject
Project("{8BC9CEB8-8B4A-11D0-8D11-00A0C91BC942}") = "segtree", "segtree\segtree.vcxproj", "{077AC1C5-15EA-4DA7-ADDD-41A092EB1D6F}"
EndProject
Project("{8BC9CEB8-8B4A-11D0-8D11-00A0C91BC942}") = "UnitTest1", "UnitTest1\UnitTest1.vcxproj", "{7B96BF15-2ABD-4471-A1A9-0D72EC241AC5}"
EndProject
Project("{8BC9CEB8-8B4A-11D0-8D11-00A0C91BC942}") = "matrixlib", "matrixlib\matrixlib.vcxproj", "{86C63E66-8A47-4EF9-A814-A8261A58335B}"
EndProject
Project("{8BC9CEB8-8B4A-11D0-8D11-00A0C91BC942}") = "fastsort", "fastsort\fastsort.vcxproj", "{89999820-3FB0-4500-A79C-4F520C66099B}"
EndProject
Project("{8BC9CEB8-8B4A-11D0-8D11-00A0C91BC942}") = "ordered_set", "ordered_set\ordered_set.vcxproj", "{F1623B82-73F5-4540-A603-FD4735125F15}"
EndProject
Project("{8BC9CEB8-8B4A-11D0-8D11-00A0C91BC942}") = "ordered_set_2", "ordered_set_2\ordered_set_2.vcxproj", "{6E71CB79-6848-42E5-AAF1-61AD692BC0C4}"
EndProject
Global
	GlobalSection(SolutionConfigurationPlatforms) = preSolution
		Debug|x64 = Debug|x64
		Debug|x86 = Debug|x86
		Release|x64 = Release|x64
		Release|x86 = Release|x86
	EndGlobalSection
	GlobalSection(ProjectConfigurationPlatforms) = postSolution
		{AF8F1EBB-0E0D-4677-8F5B-B034B35F63B4}.Debug|x64.ActiveCfg = Debug|x64
		{AF8F1EBB-0E0D-4677-8F5B-B034B35F63B4}.Debug|x64.Build.0 = Debug|x64
		{AF8F1EBB-0E0D-4677-8F5B-B034B35F63B4}.Debug|x86.ActiveCfg = Debug|Win32
		{AF8F1EBB-0E0D-4677-8F5B-B034B35F63B4}.Debug|x86.Build.0 = Debug|Win32
		{AF8F1EBB-0E0D-4677-8F5B-B034B35F63B4}.Release|x64.ActiveCfg = Release|x64
		{AF8F1EBB-0E0D-4677-8F5B-B034B35F63B4}.Release|x64.Build.0 = Release|x64
		{AF8F1EBB-0E0D-4677-8F5B-B034B35F63B4}.Release|x86.ActiveCfg = Release|Win32
		{AF8F1EBB-0E0D-4677-8F5B-B034B35F63B4}.Release|x86.Build.0 = Release|Win32
		{077AC1C5-15EA-4DA7-ADDD-41A092EB1D6F}.Debug|x64.ActiveCfg = Debug|x64
		{077AC1C5-15EA-4DA7-ADDD-41A092EB1D6F}.Debug|x64.Build.0 = Debug|x64
		{077AC1C5-15EA-4DA7-ADDD-41A092EB1D6F}.Debug|x86.ActiveCfg = Debug|Win32
		{077AC1C5-15EA-4DA7-ADDD-41A092EB1D6F}.Debug|x86.Build.0 = Debug|Win32
		{077AC1C5-15EA-4DA7-ADDD-41A092EB1D6F}.Release|x64.ActiveCfg = Release|x64
		{077AC1C5-15EA-4DA7-ADDD-41A092EB1D6F}.Release|x64.Build.0 = Release|x64
		{077AC1C5-15EA-4DA7-ADDD-41A092EB1D6F}.Release|x86.ActiveCfg = Release|Win32
		{077AC1C5-15EA-4DA7-ADDD-41A092EB1D6F}.Release|x86.Build.0 = Release|Win32
		{7B96BF15-2ABD-4471-A1A9-0D72EC241AC5}.Debug|x64.ActiveCfg = Debug|x64
		{7B96BF15-2ABD-4471-A1A9-0D72EC241AC5}.Debug|x64.Build.0 = Debug|x64
		{7B96BF15-2ABD-4471-A1A9-0D72EC241AC5}.Debug|x86.ActiveCfg = Debug|Win32
		{7B96BF15-2ABD-4471-A1A9-0D72EC241AC5}.Debug|x86.Build.0 = Debug|Win32
		{7B96BF15-2ABD-4471-A1A9-0D72EC241AC5}.Release|x64.ActiveCfg = Release|x64
		{7B96BF15-2ABD-4471-A1A9-0D72EC241AC5}.Release|x64.Build.0 = Release|x64
		{7B96BF15-2ABD-4471-A1A9-0D72EC241AC5}.Release|x86.ActiveCfg = Release|Win32
		{7B96BF15-2ABD-4471-A1A9-0D72EC241AC5}.Release|x86.Build.0 = Release|Win32
		{86C63E66-8A47-4EF9-A814-A8261A58335B}.Debug|x64.ActiveCfg = Debug|x64
		{86C63E66-8A47-4EF9-A814-A8261A58335B}.Debug|x64.Build.0 = Debug|x64
		{86C63E66-8A47-4EF9-A814-A8261A58335B}.Debug|x86.ActiveCfg = Debug|Win32
		{86C63E66-8A47-4EF9-A814-A8261A58335B}.Debug|x86.Build.0 = Debug|Win32
		{86C63E66-8A47-4EF9-A814-A8261A58335B}.Release|x64.ActiveCfg = Release|x64
		{86C63E66-8A47-4EF9-A814-A8261A58335B}.Release|x64.Build.0 = Release|x64
		{86C63E66-8A47-4EF9-A814-A8261A58335B}.Release|x86.ActiveCfg = Release|Win32
		{86C63E66-8A47-4EF9-A814-A8261A58335B}.Release|x86.Build.0 = Release|Win32
		{89999820-3FB0-4500-A79C-4F520C66099B}.Debug|x64.ActiveCfg = Debug|x64
		{89999820-3FB0-4500-A79C-4F520C66099B}.Debug|x64.Build.0 = Debug|x64
		{89999820-3FB0-4500-A79C-4F520C66099B}.Debug|x86.ActiveCfg = Debug|Win32
		{89999820-3FB0-4500-A79C-4F520C66099B}.Debug|x86.Build.0 = Debug|Win32
		{89999820-3FB0-4500-A79C-4F520C66099B}.Release|x64.ActiveCfg = Release|x64
		{89999820-3FB0-4500-A79C-4F520C66099B}.Release|x64.Build.0 = Release|x64
		{89999820-3FB0-4500-A79C-4F520C66099B}.Release|x86.ActiveCfg = Release|Win32
		{89999820-3FB0-4500-A79C-4F520C66099B}.Release|x86.Build.0 = Release|Win32
		{F1623B82-73F5-4540-A603-FD4735125F15}.Debug|x64.ActiveCfg = Debug|x64
		{F1623B82-73F5-4540-A603-FD4735125F15}.Debug|x64.Build.0 = Debug|x64
		{F1623B82-73F5-4540-A603-FD4735125F15}.Debug|x86.ActiveCfg = Debug|Win32
		{F1623B82-73F5-4540-A603-FD4735125F15}.Debug|x86.Build.0 = Debug|Win32
		{F1623B82-73F5-4540-A603-FD4735125F15}.Release|x64.ActiveCfg = Release|x64
		{F1623B82-73F5-4540-A603-FD4735125F15}.Release|x64.Build.0 = Release|x64
		{F1623B82-73F5-4540-A603-FD4735125F15}.Release|x86.ActiveCfg = Release|Win32
		{F1623B82-73F5-4540-A603-FD4735125F15}.Release|x86.Build.0 = Release|Win32
		{6E71CB79-6848-42E5-AAF1-61AD692BC0C4}.Debug|x64.ActiveCfg = Debug|x64
		{6E71CB79-6848-42E5-AAF1-61AD692BC0C4}.Debug|x64.Build.0 = Debug|x64
		{6E71CB79-6848-42E5-AAF1-61AD692BC0C4}.Debug|x86.ActiveCfg = Debug|Win32
		{6E71CB79-6848-42E5-AAF1-61AD692BC0C4}.Debug|x86.Build.0 = Debug|Win32
		{6E71CB79-6848-42E5-AAF1-61AD692BC0C4}.Release|x64.ActiveCfg = Release|x64
		{6E71CB79-6848-42E5-AAF1-61AD692BC0C4}.Release|x64.Build.0 = Release|x64
		{6E71CB79-6848-42E5-AAF1-61AD692BC0C4}.Release|x86.ActiveCfg = Release|Win32
		{6E71CB79-6848-42E5-AAF1-61AD692BC0C4}.Release|x86.Build.0 = Release|Win32
	EndGlobalSection
	GlobalSection(SolutionProperties) = preSolution
		HideSolutionNode = FALSE
	EndGlobalSection
	GlobalSection(ExtensibilityGlobals) = postSolution
		SolutionGuid = {2DDE1F65-3D00-47CC-B06D-CF271279B6B0}
	EndGlobalSection
EndGlobal
